// !$*UTF8*$!
{
	archiveVersion = 1;
	classes = {
	};
	objectVersion = 46;
	objects = {

/* Begin PBXBuildFile section */
		23C12CD31A75D4B20070A290 /* main.m in Sources */ = {isa = PBXBuildFile; fileRef = 23C12CD21A75D4B20070A290 /* main.m */; };
		23C12CD61A75D4B20070A290 /* AppDelegate.m in Sources */ = {isa = PBXBuildFile; fileRef = 23C12CD51A75D4B20070A290 /* AppDelegate.m */; };
		23C12CD91A75D4B20070A290 /* ViewController.m in Sources */ = {isa = PBXBuildFile; fileRef = 23C12CD81A75D4B20070A290 /* ViewController.m */; };
		23C12CDC1A75D4B20070A290 /* Main.storyboard in Resources */ = {isa = PBXBuildFile; fileRef = 23C12CDA1A75D4B20070A290 /* Main.storyboard */; };
		23C12CDE1A75D4B20070A290 /* Images.xcassets in Resources */ = {isa = PBXBuildFile; fileRef = 23C12CDD1A75D4B20070A290 /* Images.xcassets */; };
		23C12CE11A75D4B20070A290 /* LaunchScreen.xib in Resources */ = {isa = PBXBuildFile; fileRef = 23C12CDF1A75D4B20070A290 /* LaunchScreen.xib */; };
		23C12CED1A75D4B20070A290 /* FizzBizzTests.m in Sources */ = {isa = PBXBuildFile; fileRef = 23C12CEC1A75D4B20070A290 /* FizzBizzTests.m */; };
/* End PBXBuildFile section */

/* Begin PBXContainerItemProxy section */
		23C12CE71A75D4B20070A290 /* PBXContainerItemProxy */ = {
			isa = PBXContainerItemProxy;
			containerPortal = 23C12CC51A75D4B20070A290 /* Project object */;
			proxyType = 1;
			remoteGlobalIDString = 23C12CCC1A75D4B20070A290;
			remoteInfo = FizzBizz;
		};
/* End PBXContainerItemProxy section */

/* Begin PBXFileReference section */
		23C12CCD1A75D4B20070A290 /* FizzBizz.app */ = {isa = PBXFileReference; explicitFileType = wrapper.application; includeInIndex = 0; path = FizzBizz.app; sourceTree = BUILT_PRODUCTS_DIR; };
		23C12CD11A75D4B20070A290 /* Info.plist */ = {isa = PBXFileReference; lastKnownFileType = text.plist.xml; path = Info.plist; sourceTree = "<group>"; };
		23C12CD21A75D4B20070A290 /* main.m */ = {isa = PBXFileReference; lastKnownFileType = sourcecode.c.objc; path = main.m; sourceTree = "<group>"; };
		23C12CD41A75D4B20070A290 /* AppDelegate.h */ = {isa = PBXFileReference; lastKnownFileType = sourcecode.c.h; path = AppDelegate.h; sourceTree = "<group>"; };
		23C12CD51A75D4B20070A290 /* AppDelegate.m */ = {isa = PBXFileReference; lastKnownFileType = sourcecode.c.objc; path = AppDelegate.m; sourceTree = "<group>"; };
		23C12CD71A75D4B20070A290 /* ViewController.h */ = {isa = PBXFileReference; lastKnownFileType = sourcecode.c.h; path = ViewController.h; sourceTree = "<group>"; };
		23C12CD81A75D4B20070A290 /* ViewController.m */ = {isa = PBXFileReference; lastKnownFileType = sourcecode.c.objc; path = ViewController.m; sourceTree = "<group>"; };
		23C12CDB1A75D4B20070A290 /* Base */ = {isa = PBXFileReference; lastKnownFileType = file.storyboard; name = Base; path = Base.lproj/Main.storyboard; sourceTree = "<group>"; };
		23C12CDD1A75D4B20070A290 /* Images.xcassets */ = {isa = PBXFileReference; lastKnownFileType = folder.assetcatalog; path = Images.xcassets; sourceTree = "<group>"; };
		23C12CE01A75D4B20070A290 /* Base */ = {isa = PBXFileReference; lastKnownFileType = file.xib; name = Base; path = Base.lproj/LaunchScreen.xib; sourceTree = "<group>"; };
		23C12CE61A75D4B20070A290 /* FizzBizzTests.xctest */ = {isa = PBXFileReference; explicitFileType = wrapper.cfbundle; includeInIndex = 0; path = FizzBizzTests.xctest; sourceTree = BUILT_PRODUCTS_DIR; };
		23C12CEB1A75D4B20070A290 /* Info.plist */ = {isa = PBXFileReference; lastKnownFileType = text.plist.xml; path = Info.plist; sourceTree = "<group>"; };
		23C12CEC1A75D4B20070A290 /* FizzBizzTests.m */ = {isa = PBXFileReference; lastKnownFileType = sourcecode.c.objc; path = FizzBizzTests.m; sourceTree = "<group>"; };
/* End PBXFileReference section */

/* Begin PBXFrameworksBuildPhase section */
		23C12CCA1A75D4B20070A290 /* Frameworks */ = {
			isa = PBXFrameworksBuildPhase;
			buildActionMask = 2147483647;
			files = (
			);
			runOnlyForDeploymentPostprocessing = 0;
		};
		23C12CE31A75D4B20070A290 /* Frameworks */ = {
			isa = PBXFrameworksBuildPhase;
			buildActionMask = 2147483647;
			files = (
			);
			runOnlyForDeploymentPostprocessing = 0;
		};
/* End PBXFrameworksBuildPhase section */

/* Begin PBXGroup section */
		23C12CC41A75D4B20070A290 = {
			isa = PBXGroup;
			children = (
				23C12CCF1A75D4B20070A290 /* FizzBizz */,
				23C12CE91A75D4B20070A290 /* FizzBizzTests */,
				23C12CCE1A75D4B20070A290 /* Products */,
			);
			sourceTree = "<group>";
		};
		23C12CCE1A75D4B20070A290 /* Products */ = {
			isa = PBXGroup;
			children = (
				23C12CCD1A75D4B20070A290 /* FizzBizz.app */,
				23C12CE61A75D4B20070A290 /* FizzBizzTests.xctest */,
			);
			name = Products;
			sourceTree = "<group>";
		};
		23C12CCF1A75D4B20070A290 /* FizzBizz */ = {
			isa = PBXGroup;
			children = (
				23C12CD41A75D4B20070A290 /* AppDelegate.h */,
				23C12CD51A75D4B20070A290 /* AppDelegate.m */,
				23C12CD71A75D4B20070A290 /* ViewController.h */,
				23C12CD81A75D4B20070A290 /* ViewController.m */,
				23C12CDA1A75D4B20070A290 /* Main.storyboard */,
				23C12CDD1A75D4B20070A290 /* Images.xcassets */,
				23C12CDF1A75D4B20070A290 /* LaunchScreen.xib */,
				23C12CD01A75D4B20070A290 /* Supporting Files */,
			);
			path = FizzBizz;
			sourceTree = "<group>";
		};
		23C12CD01A75D4B20070A290 /* Supporting Files */ = {
			isa = PBXGroup;
			children = (
				23C12CD11A75D4B20070A290 /* Info.plist */,
				23C12CD21A75D4B20070A290 /* main.m */,
			);
			name = "Supporting Files";
			sourceTree = "<group>";
		};
		23C12CE91A75D4B20070A290 /* FizzBizzTests */ = {
			isa = PBXGroup;
			children = (
				23C12CEC1A75D4B20070A290 /* FizzBizzTests.m */,
				23C12CEA1A75D4B20070A290 /* Supporting Files */,
			);
			path = FizzBizzTests;
			sourceTree = "<group>";
		};
		23C12CEA1A75D4B20070A290 /* Supporting Files */ = {
			isa = PBXGroup;
			children = (
				23C12CEB1A75D4B20070A290 /* Info.plist */,
			);
			name = "Supporting Files";
			sourceTree = "<group>";
		};
/* End PBXGroup section */

/* Begin PBXNativeTarget section */
		23C12CCC1A75D4B20070A290 /* FizzBizz */ = {
			isa = PBXNativeTarget;
			buildConfigurationList = 23C12CF01A75D4B20070A290 /* Build configuration list for PBXNativeTarget "FizzBizz" */;
			buildPhases = (
				23C12CC91A75D4B20070A290 /* Sources */,
				23C12CCA1A75D4B20070A290 /* Frameworks */,
				23C12CCB1A75D4B20070A290 /* Resources */,
			);
			buildRules = (
			);
			dependencies = (
			);
			name = FizzBizz;
			productName = FizzBizz;
			productReference = 23C12CCD1A75D4B20070A290 /* FizzBizz.app */;
			productType = "com.apple.product-type.application";
		};
		23C12CE51A75D4B20070A290 /* FizzBizzTests */ = {
			isa = PBXNativeTarget;
			buildConfigurationList = 23C12CF31A75D4B20070A290 /* Build configuration list for PBXNativeTarget "FizzBizzTests" */;
			buildPhases = (
				23C12CE21A75D4B20070A290 /* Sources */,
				23C12CE31A75D4B20070A290 /* Frameworks */,
				23C12CE41A75D4B20070A290 /* Resources */,
			);
			buildRules = (
			);
			dependencies = (
				23C12CE81A75D4B20070A290 /* PBXTargetDependency */,
			);
			name = FizzBizzTests;
			productName = FizzBizzTests;
			productReference = 23C12CE61A75D4B20070A290 /* FizzBizzTests.xctest */;
			productType = "com.apple.product-type.bundle.unit-test";
		};
/* End PBXNativeTarget section */

/* Begin PBXProject section */
		23C12CC51A75D4B20070A290 /* Project object */ = {
			isa = PBXProject;
			attributes = {
				LastUpgradeCheck = 0610;
				ORGANIZATIONNAME = "Jake Herrmann";
				TargetAttributes = {
					23C12CCC1A75D4B20070A290 = {
						CreatedOnToolsVersion = 6.1.1;
					};
					23C12CE51A75D4B20070A290 = {
						CreatedOnToolsVersion = 6.1.1;
						TestTargetID = 23C12CCC1A75D4B20070A290;
					};
				};
			};
			buildConfigurationList = 23C12CC81A75D4B20070A290 /* Build configuration list for PBXProject "FizzBizz" */;
			compatibilityVersion = "Xcode 3.2";
			developmentRegion = English;
			hasScannedForEncodings = 0;
			knownRegions = (
				en,
				Base,
			);
			mainGroup = 23C12CC41A75D4B20070A290;
			productRefGroup = 23C12CCE1A75D4B20070A290 /* Products */;
			projectDirPath = "";
			projectRoot = "";
			targets = (
				23C12CCC1A75D4B20070A290 /* FizzBizz */,
				23C12CE51A75D4B20070A290 /* FizzBizzTests */,
			);
		};
/* End PBXProject section */

/* Begin PBXResourcesBuildPhase section */
		23C12CCB1A75D4B20070A290 /* Resources */ = {
			isa = PBXResourcesBuildPhase;
			buildActionMask = 2147483647;
			files = (
				23C12CDC1A75D4B20070A290 /* Main.storyboard in Resources */,
				23C12CE11A75D4B20070A290 /* LaunchScreen.xib in Resources */,
				23C12CDE1A75D4B20070A290 /* Images.xcassets in Resources */,
			);
			runOnlyForDeploymentPostprocessing = 0;
		};
		23C12CE41A75D4B20070A290 /* Resources */ = {
			isa = PBXResourcesBuildPhase;
			buildActionMask = 2147483647;
			files = (
			);
			runOnlyForDeploymentPostprocessing = 0;
		};
/* End PBXResourcesBuildPhase section */

/* Begin PBXSourcesBuildPhase section */
		23C12CC91A75D4B20070A290 /* Sources */ = {
			isa = PBXSourcesBuildPhase;
			buildActionMask = 2147483647;
			files = (
				23C12CD91A75D4B20070A290 /* ViewController.m in Sources */,
				23C12CD61A75D4B20070A290 /* AppDelegate.m in Sources */,
				23C12CD31A75D4B20070A290 /* main.m in Sources */,
			);
			runOnlyForDeploymentPostprocessing = 0;
		};
		23C12CE21A75D4B20070A290 /* Sources */ = {
			isa = PBXSourcesBuildPhase;
			buildActionMask = 2147483647;
			files = (
				23C12CED1A75D4B20070A290 /* FizzBizzTests.m in Sources */,
			);
			runOnlyForDeploymentPostprocessing = 0;
		};
/* End PBXSourcesBuildPhase section */

/* Begin PBXTargetDependency section */
		23C12CE81A75D4B20070A290 /* PBXTargetDependency */ = {
			isa = PBXTargetDependency;
			target = 23C12CCC1A75D4B20070A290 /* FizzBizz */;
			targetProxy = 23C12CE71A75D4B20070A290 /* PBXContainerItemProxy */;
		};
/* End PBXTargetDependency section */

/* Begin PBXVariantGroup section */
		23C12CDA1A75D4B20070A290 /* Main.storyboard */ = {
			isa = PBXVariantGroup;
			children = (
				23C12CDB1A75D4B20070A290 /* Base */,
			);
			name = Main.storyboard;
			sourceTree = "<group>";
		};
		23C12CDF1A75D4B20070A290 /* LaunchScreen.xib */ = {
			isa = PBXVariantGroup;
			children = (
				23C12CE01A75D4B20070A290 /* Base */,
			);
			name = LaunchScreen.xib;
			sourceTree = "<group>";
		};
/* End PBXVariantGroup section */

/* Begin XCBuildConfiguration section */
		23C12CEE1A75D4B20070A290 /* Debug */ = {
			isa = XCBuildConfiguration;
			buildSettings = {
				ALWAYS_SEARCH_USER_PATHS = NO;
				CLANG_CXX_LANGUAGE_STANDARD = "gnu++0x";
				CLANG_CXX_LIBRARY = "libc++";
				CLANG_ENABLE_MODULES = YES;
				CLANG_ENABLE_OBJC_ARC = YES;
				CLANG_WARN_BOOL_CONVERSION = YES;
				CLANG_WARN_CONSTANT_CONVERSION = YES;
				CLANG_WARN_DIRECT_OBJC_ISA_USAGE = YES_ERROR;
				CLANG_WARN_EMPTY_BODY = YES;
				CLANG_WARN_ENUM_CONVERSION = YES;
				CLANG_WARN_INT_CONVERSION = YES;
				CLANG_WARN_OBJC_ROOT_CLASS = YES_ERROR;
				CLANG_WARN_UNREACHABLE_CODE = YES;
				CLANG_WARN__DUPLICATE_METHOD_MATCH = YES;
				"CODE_SIGN_IDENTITY[sdk=iphoneos*]" = "iPhone Developer";
				COPY_PHASE_STRIP = NO;
				ENABLE_STRICT_OBJC_MSGSEND = YES;
				GCC_C_LANGUAGE_STANDARD = gnu99;
				GCC_DYNAMIC_NO_PIC = NO;
				GCC_OPTIMIZATION_LEVEL = 0;
				GCC_PREPROCESSOR_DEFINITIONS = (
					"DEBUG=1",
					"$(inherited)",
				);
				GCC_SYMBOLS_PRIVATE_EXTERN = NO;
				GCC_WARN_64_TO_32_BIT_CONVERSION = YES;
				GCC_WARN_ABOUT_RETURN_TYPE = YES_ERROR;
				GCC_WARN_UNDECLARED_SELECTOR = YES;
				GCC_WARN_UNINITIALIZED_AUTOS = YES_AGGRESSIVE;
				GCC_WARN_UNUSED_FUNCTION = YES;
				GCC_WARN_UNUSED_VARIABLE = YES;
				IPHONEOS_DEPLOYMENT_TARGET = 8.1;
				MTL_ENABLE_DEBUG_INFO = YES;
				ONLY_ACTIVE_ARCH = YES;
				SDKROOT = iphoneos;
			};
			name = Debug;
		};
		23C12CEF1A75D4B20070A290 /* Release */ = {
			isa = XCBuildConfiguration;
			buildSettings = {
				ALWAYS_SEARCH_USER_PATHS = NO;
				CLANG_CXX_LANGUAGE_STANDARD = "gnu++0x";
				CLANG_CXX_LIBRARY = "libc++";
				CLANG_ENABLE_MODULES = YES;
				CLANG_ENABLE_OBJC_ARC = YES;
				CLANG_WARN_BOOL_CONVERSION = YES;
				CLANG_WARN_CONSTANT_CONVERSION = YES;
				CLANG_WARN_DIRECT_OBJC_ISA_USAGE = YES_ERROR;
				CLANG_WARN_EMPTY_BODY = YES;
				CLANG_WARN_ENUM_CONVERSION = YES;
				CLANG_WARN_INT_CONVERSION = YES;
				CLANG_WARN_OBJC_ROOT_CLASS = YES_ERROR;
				CLANG_WARN_UNREACHABLE_CODE = YES;
				CLANG_WARN__DUPLICATE_METHOD_MATCH = YES;
				"CODE_SIGN_IDENTITY[sdk=iphoneos*]" = "iPhone Developer";
				COPY_PHASE_STRIP = YES;
				ENABLE_NS_ASSERTIONS = NO;
				ENABLE_STRICT_OBJC_MSGSEND = YES;
				GCC_C_LANGUAGE_STANDARD = gnu99;
				GCC_WARN_64_TO_32_BIT_CONVERSION = YES;
				GCC_WARN_ABOUT_RETURN_TYPE = YES_ERROR;
				GCC_WARN_UNDECLARED_SELECTOR = YES;
				GCC_WARN_UNINITIALIZED_AUTOS = YES_AGGRESSIVE;
				GCC_WARN_UNUSED_FUNCTION = YES;
				GCC_WARN_UNUSED_VARIABLE = YES;
				IPHONEOS_DEPLOYMENT_TARGET = 8.1;
				MTL_ENABLE_DEBUG_INFO = NO;
				SDKROOT = iphoneos;
				VALIDATE_PRODUCT = YES;
			};
			name = Release;
		};
		23C12CF11A75D4B20070A290 /* Debug */ = {
			isa = XCBuildConfiguration;
			buildSettings = {
				ASSETCATALOG_COMPILER_APPICON_NAME = AppIcon;
				INFOPLIST_FILE = FizzBizz/Info.plist;
				LD_RUNPATH_SEARCH_PATHS = "$(inherited) @executable_path/Frameworks";
				PRODUCT_NAME = "$(TARGET_NAME)";
			};
			name = Debug;
		};
		23C12CF21A75D4B20070A290 /* Release */ = {
			isa = XCBuildConfiguration;
			buildSettings = {
				ASSETCATALOG_COMPILER_APPICON_NAME = AppIcon;
				INFOPLIST_FILE = FizzBizz/Info.plist;
				LD_RUNPATH_SEARCH_PATHS = "$(inherited) @executable_path/Frameworks";
				PRODUCT_NAME = "$(TARGET_NAME)";
			};
			name = Release;
		};
		23C12CF41A75D4B20070A290 /* Debug */ = {
			isa = XCBuildConfiguration;
			buildSettings = {
				BUNDLE_LOADER = "$(TEST_HOST)";
				FRAMEWORK_SEARCH_PATHS = (
					"$(SDKROOT)/Developer/Library/Frameworks",
					"$(inherited)",
				);
				GCC_PREPROCESSOR_DEFINITIONS = (
					"DEBUG=1",
					"$(inherited)",
				);
				INFOPLIST_FILE = FizzBizzTests/Info.plist;
				LD_RUNPATH_SEARCH_PATHS = "$(inherited) @executable_path/Frameworks @loader_path/Frameworks";
				PRODUCT_NAME = "$(TARGET_NAME)";
				TEST_HOST = "$(BUILT_PRODUCTS_DIR)/FizzBizz.app/FizzBizz";
			};
			name = Debug;
		};
		23C12CF51A75D4B20070A290 /* Release */ = {
			isa = XCBuildConfiguration;
			buildSettings = {
				BUNDLE_LOADER = "$(TEST_HOST)";
				FRAMEWORK_SEARCH_PATHS = (
					"$(SDKROOT)/Developer/Library/Frameworks",
					"$(inherited)",
				);
				INFOPLIST_FILE = FizzBizzTests/Info.plist;
				LD_RUNPATH_SEARCH_PATHS = "$(inherited) @executable_path/Frameworks @loader_path/Frameworks";
				PRODUCT_NAME = "$(TARGET_NAME)";
				TEST_HOST = "$(BUILT_PRODUCTS_DIR)/FizzBizz.app/FizzBizz";
			};
			name = Release;
		};
/* End XCBuildConfiguration section */

/* Begin XCConfigurationList section */
		23C12CC81A75D4B20070A290 /* Build configuration list for PBXProject "FizzBizz" */ = {
			isa = XCConfigurationList;
			buildConfigurations = (
				23C12CEE1A75D4B20070A290 /* Debug */,
				23C12CEF1A75D4B20070A290 /* Release */,
			);
			defaultConfigurationIsVisible = 0;
			defaultConfigurationName = Release;
		};
		23C12CF01A75D4B20070A290 /* Build configuration list for PBXNativeTarget "FizzBizz" */ = {
			isa = XCConfigurationList;
			buildConfigurations = (
				23C12CF11A75D4B20070A290 /* Debug */,
				23C12CF21A75D4B20070A290 /* Release */,
			);
			defaultConfigurationIsVisible = 0;
		};
		23C12CF31A75D4B20070A290 /* Build configuration list for PBXNativeTarget "FizzBizzTests" */ = {
			isa = XCConfigurationList;
			buildConfigurations = (
				23C12CF41A75D4B20070A290 /* Debug */,
				23C12CF51A75D4B20070A290 /* Release */,
			);
			defaultConfigurationIsVisible = 0;
		};
/* End XCConfigurationList section */
	};
	rootObject = 23C12CC51A75D4B20070A290 /* Project object */;
}
